{"filter":false,"title":"Gemfile.lock","tooltip":"/LABS/blog/Gemfile.lock","undoManager":{"mark":-1,"position":-1,"stack":[]},"ace":{"folds":[],"scrolltop":1847.21875,"scrollleft":0,"selection":{"start":{"row":166,"column":8},"end":{"row":166,"column":8},"isBackwards":false},"options":{"guessTabSize":true,"useWrapMode":false,"wrapToView":true},"firstLineState":{"row":126,"state":"start","mode":"ace/mode/text"}},"timestamp":1570306963130,"hash":"73c859adad040a6cc6d240daac39a8afbcc2b3ba"}