{"filter":false,"title":"Gemfile.lock","tooltip":"/LABS/blog/Gemfile.lock","undoManager":{"mark":7,"position":7,"stack":[[{"start":{"row":168,"column":9},"end":{"row":168,"column":20},"action":"remove","lines":[" (~> 1.4.1)"],"id":1,"ignore":true}],[{"start":{"row":168,"column":9},"end":{"row":168,"column":10},"action":"insert","lines":[" "],"id":2},{"start":{"row":168,"column":10},"end":{"row":168,"column":11},"action":"insert","lines":["("]}],[{"start":{"row":168,"column":11},"end":{"row":168,"column":12},"action":"insert","lines":["~"],"id":3},{"start":{"row":168,"column":12},"end":{"row":168,"column":13},"action":"insert","lines":[">"]}],[{"start":{"row":168,"column":13},"end":{"row":168,"column":21},"action":"insert","lines":["~> 1.4.1"],"id":4}],[{"start":{"row":168,"column":14},"end":{"row":168,"column":15},"action":"remove","lines":[">"],"id":5},{"start":{"row":168,"column":13},"end":{"row":168,"column":14},"action":"remove","lines":["~"]}],[{"start":{"row":168,"column":19},"end":{"row":168,"column":20},"action":"insert","lines":[")"],"id":6}],[{"start":{"row":168,"column":10},"end":{"row":168,"column":20},"action":"remove","lines":["(~> 1.4.1)"],"id":7}],[{"start":{"row":168,"column":10},"end":{"row":168,"column":20},"action":"insert","lines":["(~> 1.4.1)"],"id":8,"ignore":true}]]},"ace":{"folds":[],"scrolltop":1847.21875,"scrollleft":0,"selection":{"start":{"row":166,"column":8},"end":{"row":166,"column":8},"isBackwards":false},"options":{"guessTabSize":true,"useWrapMode":false,"wrapToView":true},"firstLineState":{"row":126,"state":"start","mode":"ace/mode/text"}},"timestamp":1570306963130,"hash":"a293e6814cab370f7f7527840f4b4f1f65c3d6c0"}