{"filter":false,"title":"Gemfile.lock","tooltip":"/project/projectApp/Gemfile.lock","undoManager":{"mark":-1,"position":-1,"stack":[]},"ace":{"folds":[],"scrolltop":2581.60009765625,"scrollleft":0,"selection":{"start":{"row":187,"column":19},"end":{"row":187,"column":19},"isBackwards":false},"options":{"guessTabSize":true,"useWrapMode":false,"wrapToView":true},"firstLineState":{"row":178,"state":"start","mode":"ace/mode/text"}},"timestamp":1573501861891,"hash":"62be458a0fc0734057061f92022737dd9bd7b184"}